// !$*UTF8*$!
{
	archiveVersion = 1;
	classes = {
	};
	objectVersion = 46;
	objects = {

/* Begin PBXBuildFile section */
		048C07B41D40F07200755B25 /* Algeria.png in Resources */ = {isa = PBXBuildFile; fileRef = 048C07931D40F07200755B25 /* Algeria.png */; };
		048C07B51D40F07200755B25 /* Argentina.png in Resources */ = {isa = PBXBuildFile; fileRef = 048C07941D40F07200755B25 /* Argentina.png */; };
		048C07B61D40F07200755B25 /* Australia.png in Resources */ = {isa = PBXBuildFile; fileRef = 048C07951D40F07200755B25 /* Australia.png */; };
		048C07B71D40F07200755B25 /* Brazil.png in Resources */ = {isa = PBXBuildFile; fileRef = 048C07961D40F07200755B25 /* Brazil.png */; };
		048C07B81D40F07200755B25 /* Cameroon.png in Resources */ = {isa = PBXBuildFile; fileRef = 048C07971D40F07200755B25 /* Cameroon.png */; };
		048C07B91D40F07200755B25 /* Chile.png in Resources */ = {isa = PBXBuildFile; fileRef = 048C07981D40F07200755B25 /* Chile.png */; };
		048C07BA1D40F07200755B25 /* CoteDIvoire.png in Resources */ = {isa = PBXBuildFile; fileRef = 048C07991D40F07200755B25 /* CoteDIvoire.png */; };
		048C07BB1D40F07200755B25 /* Denmark.png in Resources */ = {isa = PBXBuildFile; fileRef = 048C079A1D40F07200755B25 /* Denmark.png */; };
		048C07BC1D40F07200755B25 /* England.png in Resources */ = {isa = PBXBuildFile; fileRef = 048C079B1D40F07200755B25 /* England.png */; };
		048C07BD1D40F07200755B25 /* France.png in Resources */ = {isa = PBXBuildFile; fileRef = 048C079C1D40F07200755B25 /* France.png */; };
		048C07BE1D40F07200755B25 /* Germany.png in Resources */ = {isa = PBXBuildFile; fileRef = 048C079D1D40F07200755B25 /* Germany.png */; };
		048C07BF1D40F07200755B25 /* Ghana.png in Resources */ = {isa = PBXBuildFile; fileRef = 048C079E1D40F07200755B25 /* Ghana.png */; };
		048C07C01D40F07200755B25 /* Greece.png in Resources */ = {isa = PBXBuildFile; fileRef = 048C079F1D40F07200755B25 /* Greece.png */; };
		048C07C11D40F07200755B25 /* Holland.png in Resources */ = {isa = PBXBuildFile; fileRef = 048C07A01D40F07200755B25 /* Holland.png */; };
		048C07C21D40F07200755B25 /* Honduras.png in Resources */ = {isa = PBXBuildFile; fileRef = 048C07A11D40F07200755B25 /* Honduras.png */; };
		048C07C31D40F07200755B25 /* Italy.png in Resources */ = {isa = PBXBuildFile; fileRef = 048C07A21D40F07200755B25 /* Italy.png */; };
		048C07C41D40F07200755B25 /* Japan.png in Resources */ = {isa = PBXBuildFile; fileRef = 048C07A31D40F07200755B25 /* Japan.png */; };
		048C07C51D40F07200755B25 /* Mexico.png in Resources */ = {isa = PBXBuildFile; fileRef = 048C07A41D40F07200755B25 /* Mexico.png */; };
		048C07C61D40F07200755B25 /* NewZealand.png in Resources */ = {isa = PBXBuildFile; fileRef = 048C07A51D40F07200755B25 /* NewZealand.png */; };
		048C07C71D40F07200755B25 /* Nigeria.png in Resources */ = {isa = PBXBuildFile; fileRef = 048C07A61D40F07200755B25 /* Nigeria.png */; };
		048C07C81D40F07200755B25 /* NorthKorea.png in Resources */ = {isa = PBXBuildFile; fileRef = 048C07A71D40F07200755B25 /* NorthKorea.png */; };
		048C07C91D40F07200755B25 /* Paraguay.png in Resources */ = {isa = PBXBuildFile; fileRef = 048C07A81D40F07200755B25 /* Paraguay.png */; };
		048C07CA1D40F07200755B25 /* Portugal.png in Resources */ = {isa = PBXBuildFile; fileRef = 048C07A91D40F07200755B25 /* Portugal.png */; };
		048C07CB1D40F07200755B25 /* Serbia.png in Resources */ = {isa = PBXBuildFile; fileRef = 048C07AA1D40F07200755B25 /* Serbia.png */; };
		048C07CC1D40F07200755B25 /* Slovakia.png in Resources */ = {isa = PBXBuildFile; fileRef = 048C07AB1D40F07200755B25 /* Slovakia.png */; };
		048C07CD1D40F07200755B25 /* Slovenia.png in Resources */ = {isa = PBXBuildFile; fileRef = 048C07AC1D40F07200755B25 /* Slovenia.png */; };
		048C07CE1D40F07200755B25 /* SouthAfrica.png in Resources */ = {isa = PBXBuildFile; fileRef = 048C07AD1D40F07200755B25 /* SouthAfrica.png */; };
		048C07CF1D40F07200755B25 /* SouthKorea.png in Resources */ = {isa = PBXBuildFile; fileRef = 048C07AE1D40F07200755B25 /* SouthKorea.png */; };
		048C07D01D40F07200755B25 /* Spain.png in Resources */ = {isa = PBXBuildFile; fileRef = 048C07AF1D40F07200755B25 /* Spain.png */; };
		048C07D11D40F07200755B25 /* Switzerland.png in Resources */ = {isa = PBXBuildFile; fileRef = 048C07B01D40F07200755B25 /* Switzerland.png */; };
		048C07D21D40F07200755B25 /* Uruguay.png in Resources */ = {isa = PBXBuildFile; fileRef = 048C07B11D40F07200755B25 /* Uruguay.png */; };
		048C07D31D40F07200755B25 /* USA.png in Resources */ = {isa = PBXBuildFile; fileRef = 048C07B21D40F07200755B25 /* USA.png */; };
		048C07D41D40F07200755B25 /* team.plist in Resources */ = {isa = PBXBuildFile; fileRef = 048C07B31D40F07200755B25 /* team.plist */; };
		048C07D71D40F0AD00755B25 /* BallTeams.m in Sources */ = {isa = PBXBuildFile; fileRef = 048C07D61D40F0AD00755B25 /* BallTeams.m */; };
		048C07DA1D40F58000755B25 /* SearchController.m in Sources */ = {isa = PBXBuildFile; fileRef = 048C07D91D40F58000755B25 /* SearchController.m */; };
		04E6B5E31D34D9B3006678FB /* main.m in Sources */ = {isa = PBXBuildFile; fileRef = 04E6B5E21D34D9B3006678FB /* main.m */; };
		04E6B5E61D34D9B3006678FB /* AppDelegate.m in Sources */ = {isa = PBXBuildFile; fileRef = 04E6B5E51D34D9B3006678FB /* AppDelegate.m */; };
		04E6B5E91D34D9B3006678FB /* ViewController.m in Sources */ = {isa = PBXBuildFile; fileRef = 04E6B5E81D34D9B3006678FB /* ViewController.m */; };
		04E6B5EC1D34D9B3006678FB /* Main.storyboard in Resources */ = {isa = PBXBuildFile; fileRef = 04E6B5EA1D34D9B3006678FB /* Main.storyboard */; };
		04E6B5EE1D34D9B4006678FB /* Assets.xcassets in Resources */ = {isa = PBXBuildFile; fileRef = 04E6B5ED1D34D9B4006678FB /* Assets.xcassets */; };
		04E6B5F11D34D9B4006678FB /* LaunchScreen.storyboard in Resources */ = {isa = PBXBuildFile; fileRef = 04E6B5EF1D34D9B4006678FB /* LaunchScreen.storyboard */; };
		04E6B5FC1D34D9B4006678FB /* UISearchControllerTests.m in Sources */ = {isa = PBXBuildFile; fileRef = 04E6B5FB1D34D9B4006678FB /* UISearchControllerTests.m */; };
		04E6B6071D34D9B4006678FB /* UISearchControllerUITests.m in Sources */ = {isa = PBXBuildFile; fileRef = 04E6B6061D34D9B4006678FB /* UISearchControllerUITests.m */; };
/* End PBXBuildFile section */

/* Begin PBXContainerItemProxy section */
		04E6B5F81D34D9B4006678FB /* PBXContainerItemProxy */ = {
			isa = PBXContainerItemProxy;
			containerPortal = 04E6B5D61D34D9B3006678FB /* Project object */;
			proxyType = 1;
			remoteGlobalIDString = 04E6B5DD1D34D9B3006678FB;
			remoteInfo = UISearchController;
		};
		04E6B6031D34D9B4006678FB /* PBXContainerItemProxy */ = {
			isa = PBXContainerItemProxy;
			containerPortal = 04E6B5D61D34D9B3006678FB /* Project object */;
			proxyType = 1;
			remoteGlobalIDString = 04E6B5DD1D34D9B3006678FB;
			remoteInfo = UISearchController;
		};
/* End PBXContainerItemProxy section */

/* Begin PBXFileReference section */
		048C07931D40F07200755B25 /* Algeria.png */ = {isa = PBXFileReference; lastKnownFileType = image.png; path = Algeria.png; sourceTree = "<group>"; };
		048C07941D40F07200755B25 /* Argentina.png */ = {isa = PBXFileReference; lastKnownFileType = image.png; path = Argentina.png; sourceTree = "<group>"; };
		048C07951D40F07200755B25 /* Australia.png */ = {isa = PBXFileReference; lastKnownFileType = image.png; path = Australia.png; sourceTree = "<group>"; };
		048C07961D40F07200755B25 /* Brazil.png */ = {isa = PBXFileReference; lastKnownFileType = image.png; path = Brazil.png; sourceTree = "<group>"; };
		048C07971D40F07200755B25 /* Cameroon.png */ = {isa = PBXFileReference; lastKnownFileType = image.png; path = Cameroon.png; sourceTree = "<group>"; };
		048C07981D40F07200755B25 /* Chile.png */ = {isa = PBXFileReference; lastKnownFileType = image.png; path = Chile.png; sourceTree = "<group>"; };
		048C07991D40F07200755B25 /* CoteDIvoire.png */ = {isa = PBXFileReference; lastKnownFileType = image.png; path = CoteDIvoire.png; sourceTree = "<group>"; };
		048C079A1D40F07200755B25 /* Denmark.png */ = {isa = PBXFileReference; lastKnownFileType = image.png; path = Denmark.png; sourceTree = "<group>"; };
		048C079B1D40F07200755B25 /* England.png */ = {isa = PBXFileReference; lastKnownFileType = image.png; path = England.png; sourceTree = "<group>"; };
		048C079C1D40F07200755B25 /* France.png */ = {isa = PBXFileReference; lastKnownFileType = image.png; path = France.png; sourceTree = "<group>"; };
		048C079D1D40F07200755B25 /* Germany.png */ = {isa = PBXFileReference; lastKnownFileType = image.png; path = Germany.png; sourceTree = "<group>"; };
		048C079E1D40F07200755B25 /* Ghana.png */ = {isa = PBXFileReference; lastKnownFileType = image.png; path = Ghana.png; sourceTree = "<group>"; };
		048C079F1D40F07200755B25 /* Greece.png */ = {isa = PBXFileReference; lastKnownFileType = image.png; path = Greece.png; sourceTree = "<group>"; };
		048C07A01D40F07200755B25 /* Holland.png */ = {isa = PBXFileReference; lastKnownFileType = image.png; path = Holland.png; sourceTree = "<group>"; };
		048C07A11D40F07200755B25 /* Honduras.png */ = {isa = PBXFileReference; lastKnownFileType = image.png; path = Honduras.png; sourceTree = "<group>"; };
		048C07A21D40F07200755B25 /* Italy.png */ = {isa = PBXFileReference; lastKnownFileType = image.png; path = Italy.png; sourceTree = "<group>"; };
		048C07A31D40F07200755B25 /* Japan.png */ = {isa = PBXFileReference; lastKnownFileType = image.png; path = Japan.png; sourceTree = "<group>"; };
		048C07A41D40F07200755B25 /* Mexico.png */ = {isa = PBXFileReference; lastKnownFileType = image.png; path = Mexico.png; sourceTree = "<group>"; };
		048C07A51D40F07200755B25 /* NewZealand.png */ = {isa = PBXFileReference; lastKnownFileType = image.png; path = NewZealand.png; sourceTree = "<group>"; };
		048C07A61D40F07200755B25 /* Nigeria.png */ = {isa = PBXFileReference; lastKnownFileType = image.png; path = Nigeria.png; sourceTree = "<group>"; };
		048C07A71D40F07200755B25 /* NorthKorea.png */ = {isa = PBXFileReference; lastKnownFileType = image.png; path = NorthKorea.png; sourceTree = "<group>"; };
		048C07A81D40F07200755B25 /* Paraguay.png */ = {isa = PBXFileReference; lastKnownFileType = image.png; path = Paraguay.png; sourceTree = "<group>"; };
		048C07A91D40F07200755B25 /* Portugal.png */ = {isa = PBXFileReference; lastKnownFileType = image.png; path = Portugal.png; sourceTree = "<group>"; };
		048C07AA1D40F07200755B25 /* Serbia.png */ = {isa = PBXFileReference; lastKnownFileType = image.png; path = Serbia.png; sourceTree = "<group>"; };
		048C07AB1D40F07200755B25 /* Slovakia.png */ = {isa = PBXFileReference; lastKnownFileType = image.png; path = Slovakia.png; sourceTree = "<group>"; };
		048C07AC1D40F07200755B25 /* Slovenia.png */ = {isa = PBXFileReference; lastKnownFileType = image.png; path = Slovenia.png; sourceTree = "<group>"; };
		048C07AD1D40F07200755B25 /* SouthAfrica.png */ = {isa = PBXFileReference; lastKnownFileType = image.png; path = SouthAfrica.png; sourceTree = "<group>"; };
		048C07AE1D40F07200755B25 /* SouthKorea.png */ = {isa = PBXFileReference; lastKnownFileType = image.png; path = SouthKorea.png; sourceTree = "<group>"; };
		048C07AF1D40F07200755B25 /* Spain.png */ = {isa = PBXFileReference; lastKnownFileType = image.png; path = Spain.png; sourceTree = "<group>"; };
		048C07B01D40F07200755B25 /* Switzerland.png */ = {isa = PBXFileReference; lastKnownFileType = image.png; path = Switzerland.png; sourceTree = "<group>"; };
		048C07B11D40F07200755B25 /* Uruguay.png */ = {isa = PBXFileReference; lastKnownFileType = image.png; path = Uruguay.png; sourceTree = "<group>"; };
		048C07B21D40F07200755B25 /* USA.png */ = {isa = PBXFileReference; lastKnownFileType = image.png; path = USA.png; sourceTree = "<group>"; };
		048C07B31D40F07200755B25 /* team.plist */ = {isa = PBXFileReference; fileEncoding = 4; lastKnownFileType = text.plist.xml; path = team.plist; sourceTree = "<group>"; };
		048C07D51D40F0AD00755B25 /* BallTeams.h */ = {isa = PBXFileReference; fileEncoding = 4; lastKnownFileType = sourcecode.c.h; path = BallTeams.h; sourceTree = "<group>"; };
		048C07D61D40F0AD00755B25 /* BallTeams.m */ = {isa = PBXFileReference; fileEncoding = 4; lastKnownFileType = sourcecode.c.objc; path = BallTeams.m; sourceTree = "<group>"; };
		048C07D81D40F58000755B25 /* SearchController.h */ = {isa = PBXFileReference; fileEncoding = 4; lastKnownFileType = sourcecode.c.h; path = SearchController.h; sourceTree = "<group>"; };
		048C07D91D40F58000755B25 /* SearchController.m */ = {isa = PBXFileReference; fileEncoding = 4; lastKnownFileType = sourcecode.c.objc; path = SearchController.m; sourceTree = "<group>"; };
		04E6B5DE1D34D9B3006678FB /* UISearchController.app */ = {isa = PBXFileReference; explicitFileType = wrapper.application; includeInIndex = 0; path = UISearchController.app; sourceTree = BUILT_PRODUCTS_DIR; };
		04E6B5E21D34D9B3006678FB /* main.m */ = {isa = PBXFileReference; lastKnownFileType = sourcecode.c.objc; path = main.m; sourceTree = "<group>"; };
		04E6B5E41D34D9B3006678FB /* AppDelegate.h */ = {isa = PBXFileReference; lastKnownFileType = sourcecode.c.h; path = AppDelegate.h; sourceTree = "<group>"; };
		04E6B5E51D34D9B3006678FB /* AppDelegate.m */ = {isa = PBXFileReference; lastKnownFileType = sourcecode.c.objc; path = AppDelegate.m; sourceTree = "<group>"; };
		04E6B5E71D34D9B3006678FB /* ViewController.h */ = {isa = PBXFileReference; lastKnownFileType = sourcecode.c.h; path = ViewController.h; sourceTree = "<group>"; };
		04E6B5E81D34D9B3006678FB /* ViewController.m */ = {isa = PBXFileReference; lastKnownFileType = sourcecode.c.objc; path = ViewController.m; sourceTree = "<group>"; };
		04E6B5EB1D34D9B3006678FB /* Base */ = {isa = PBXFileReference; lastKnownFileType = file.storyboard; name = Base; path = Base.lproj/Main.storyboard; sourceTree = "<group>"; };
		04E6B5ED1D34D9B4006678FB /* Assets.xcassets */ = {isa = PBXFileReference; lastKnownFileType = folder.assetcatalog; path = Assets.xcassets; sourceTree = "<group>"; };
		04E6B5F01D34D9B4006678FB /* Base */ = {isa = PBXFileReference; lastKnownFileType = file.storyboard; name = Base; path = Base.lproj/LaunchScreen.storyboard; sourceTree = "<group>"; };
		04E6B5F21D34D9B4006678FB /* Info.plist */ = {isa = PBXFileReference; lastKnownFileType = text.plist.xml; path = Info.plist; sourceTree = "<group>"; };
		04E6B5F71D34D9B4006678FB /* UISearchControllerTests.xctest */ = {isa = PBXFileReference; explicitFileType = wrapper.cfbundle; includeInIndex = 0; path = UISearchControllerTests.xctest; sourceTree = BUILT_PRODUCTS_DIR; };
		04E6B5FB1D34D9B4006678FB /* UISearchControllerTests.m */ = {isa = PBXFileReference; lastKnownFileType = sourcecode.c.objc; path = UISearchControllerTests.m; sourceTree = "<group>"; };
		04E6B5FD1D34D9B4006678FB /* Info.plist */ = {isa = PBXFileReference; lastKnownFileType = text.plist.xml; path = Info.plist; sourceTree = "<group>"; };
		04E6B6021D34D9B4006678FB /* UISearchControllerUITests.xctest */ = {isa = PBXFileReference; explicitFileType = wrapper.cfbundle; includeInIndex = 0; path = UISearchControllerUITests.xctest; sourceTree = BUILT_PRODUCTS_DIR; };
		04E6B6061D34D9B4006678FB /* UISearchControllerUITests.m */ = {isa = PBXFileReference; lastKnownFileType = sourcecode.c.objc; path = UISearchControllerUITests.m; sourceTree = "<group>"; };
		04E6B6081D34D9B4006678FB /* Info.plist */ = {isa = PBXFileReference; lastKnownFileType = text.plist.xml; path = Info.plist; sourceTree = "<group>"; };
/* End PBXFileReference section */

/* Begin PBXFrameworksBuildPhase section */
		04E6B5DB1D34D9B3006678FB /* Frameworks */ = {
			isa = PBXFrameworksBuildPhase;
			buildActionMask = 2147483647;
			files = (
			);
			runOnlyForDeploymentPostprocessing = 0;
		};
		04E6B5F41D34D9B4006678FB /* Frameworks */ = {
			isa = PBXFrameworksBuildPhase;
			buildActionMask = 2147483647;
			files = (
			);
			runOnlyForDeploymentPostprocessing = 0;
		};
		04E6B5FF1D34D9B4006678FB /* Frameworks */ = {
			isa = PBXFrameworksBuildPhase;
			buildActionMask = 2147483647;
			files = (
			);
			runOnlyForDeploymentPostprocessing = 0;
		};
/* End PBXFrameworksBuildPhase section */

/* Begin PBXGroup section */
		048C07921D40F07100755B25 /* 球队图片 */ = {
			isa = PBXGroup;
			children = (
				048C07931D40F07200755B25 /* Algeria.png */,
				048C07941D40F07200755B25 /* Argentina.png */,
				048C07951D40F07200755B25 /* Australia.png */,
				048C07961D40F07200755B25 /* Brazil.png */,
				048C07971D40F07200755B25 /* Cameroon.png */,
				048C07981D40F07200755B25 /* Chile.png */,
				048C07991D40F07200755B25 /* CoteDIvoire.png */,
				048C079A1D40F07200755B25 /* Denmark.png */,
				048C079B1D40F07200755B25 /* England.png */,
				048C079C1D40F07200755B25 /* France.png */,
				048C079D1D40F07200755B25 /* Germany.png */,
				048C079E1D40F07200755B25 /* Ghana.png */,
				048C079F1D40F07200755B25 /* Greece.png */,
				048C07A01D40F07200755B25 /* Holland.png */,
				048C07A11D40F07200755B25 /* Honduras.png */,
				048C07A21D40F07200755B25 /* Italy.png */,
				048C07A31D40F07200755B25 /* Japan.png */,
				048C07A41D40F07200755B25 /* Mexico.png */,
				048C07A51D40F07200755B25 /* NewZealand.png */,
				048C07A61D40F07200755B25 /* Nigeria.png */,
				048C07A71D40F07200755B25 /* NorthKorea.png */,
				048C07A81D40F07200755B25 /* Paraguay.png */,
				048C07A91D40F07200755B25 /* Portugal.png */,
				048C07AA1D40F07200755B25 /* Serbia.png */,
				048C07AB1D40F07200755B25 /* Slovakia.png */,
				048C07AC1D40F07200755B25 /* Slovenia.png */,
				048C07AD1D40F07200755B25 /* SouthAfrica.png */,
				048C07AE1D40F07200755B25 /* SouthKorea.png */,
				048C07AF1D40F07200755B25 /* Spain.png */,
				048C07B01D40F07200755B25 /* Switzerland.png */,
				048C07B11D40F07200755B25 /* Uruguay.png */,
				048C07B21D40F07200755B25 /* USA.png */,
			);
			path = "球队图片";
			sourceTree = "<group>";
		};
		04E6B5D51D34D9B3006678FB = {
			isa = PBXGroup;
			children = (
				04E6B5E01D34D9B3006678FB /* UISearchController */,
				04E6B5FA1D34D9B4006678FB /* UISearchControllerTests */,
				04E6B6051D34D9B4006678FB /* UISearchControllerUITests */,
				04E6B5DF1D34D9B3006678FB /* Products */,
			);
			sourceTree = "<group>";
		};
		04E6B5DF1D34D9B3006678FB /* Products */ = {
			isa = PBXGroup;
			children = (
				04E6B5DE1D34D9B3006678FB /* UISearchController.app */,
				04E6B5F71D34D9B4006678FB /* UISearchControllerTests.xctest */,
				04E6B6021D34D9B4006678FB /* UISearchControllerUITests.xctest */,
			);
			name = Products;
			sourceTree = "<group>";
		};
		04E6B5E01D34D9B3006678FB /* UISearchController */ = {
			isa = PBXGroup;
			children = (
				048C07921D40F07100755B25 /* 球队图片 */,
				048C07B31D40F07200755B25 /* team.plist */,
				04E6B5E41D34D9B3006678FB /* AppDelegate.h */,
				04E6B5E51D34D9B3006678FB /* AppDelegate.m */,
				04E6B5E71D34D9B3006678FB /* ViewController.h */,
				04E6B5E81D34D9B3006678FB /* ViewController.m */,
				048C07D81D40F58000755B25 /* SearchController.h */,
				048C07D91D40F58000755B25 /* SearchController.m */,
				048C07D51D40F0AD00755B25 /* BallTeams.h */,
				048C07D61D40F0AD00755B25 /* BallTeams.m */,
				04E6B5EA1D34D9B3006678FB /* Main.storyboard */,
				04E6B5ED1D34D9B4006678FB /* Assets.xcassets */,
				04E6B5EF1D34D9B4006678FB /* LaunchScreen.storyboard */,
				04E6B5F21D34D9B4006678FB /* Info.plist */,
				04E6B5E11D34D9B3006678FB /* Supporting Files */,
			);
			path = UISearchController;
			sourceTree = "<group>";
		};
		04E6B5E11D34D9B3006678FB /* Supporting Files */ = {
			isa = PBXGroup;
			children = (
				04E6B5E21D34D9B3006678FB /* main.m */,
			);
			name = "Supporting Files";
			sourceTree = "<group>";
		};
		04E6B5FA1D34D9B4006678FB /* UISearchControllerTests */ = {
			isa = PBXGroup;
			children = (
				04E6B5FB1D34D9B4006678FB /* UISearchControllerTests.m */,
				04E6B5FD1D34D9B4006678FB /* Info.plist */,
			);
			path = UISearchControllerTests;
			sourceTree = "<group>";
		};
		04E6B6051D34D9B4006678FB /* UISearchControllerUITests */ = {
			isa = PBXGroup;
			children = (
				04E6B6061D34D9B4006678FB /* UISearchControllerUITests.m */,
				04E6B6081D34D9B4006678FB /* Info.plist */,
			);
			path = UISearchControllerUITests;
			sourceTree = "<group>";
		};
/* End PBXGroup section */

/* Begin PBXNativeTarget section */
		04E6B5DD1D34D9B3006678FB /* UISearchController */ = {
			isa = PBXNativeTarget;
			buildConfigurationList = 04E6B60B1D34D9B4006678FB /* Build configuration list for PBXNativeTarget "UISearchController" */;
			buildPhases = (
				04E6B5DA1D34D9B3006678FB /* Sources */,
				04E6B5DB1D34D9B3006678FB /* Frameworks */,
				04E6B5DC1D34D9B3006678FB /* Resources */,
			);
			buildRules = (
			);
			dependencies = (
			);
			name = UISearchController;
			productName = UISearchController;
			productReference = 04E6B5DE1D34D9B3006678FB /* UISearchController.app */;
			productType = "com.apple.product-type.application";
		};
		04E6B5F61D34D9B4006678FB /* UISearchControllerTests */ = {
			isa = PBXNativeTarget;
			buildConfigurationList = 04E6B60E1D34D9B4006678FB /* Build configuration list for PBXNativeTarget "UISearchControllerTests" */;
			buildPhases = (
				04E6B5F31D34D9B4006678FB /* Sources */,
				04E6B5F41D34D9B4006678FB /* Frameworks */,
				04E6B5F51D34D9B4006678FB /* Resources */,
			);
			buildRules = (
			);
			dependencies = (
				04E6B5F91D34D9B4006678FB /* PBXTargetDependency */,
			);
			name = UISearchControllerTests;
			productName = UISearchControllerTests;
			productReference = 04E6B5F71D34D9B4006678FB /* UISearchControllerTests.xctest */;
			productType = "com.apple.product-type.bundle.unit-test";
		};
		04E6B6011D34D9B4006678FB /* UISearchControllerUITests */ = {
			isa = PBXNativeTarget;
			buildConfigurationList = 04E6B6111D34D9B4006678FB /* Build configuration list for PBXNativeTarget "UISearchControllerUITests" */;
			buildPhases = (
				04E6B5FE1D34D9B4006678FB /* Sources */,
				04E6B5FF1D34D9B4006678FB /* Frameworks */,
				04E6B6001D34D9B4006678FB /* Resources */,
			);
			buildRules = (
			);
			dependencies = (
				04E6B6041D34D9B4006678FB /* PBXTargetDependency */,
			);
			name = UISearchControllerUITests;
			productName = UISearchControllerUITests;
			productReference = 04E6B6021D34D9B4006678FB /* UISearchControllerUITests.xctest */;
			productType = "com.apple.product-type.bundle.ui-testing";
		};
/* End PBXNativeTarget section */

/* Begin PBXProject section */
		04E6B5D61D34D9B3006678FB /* Project object */ = {
			isa = PBXProject;
			attributes = {
				LastUpgradeCheck = 0730;
				ORGANIZATIONNAME = bjsxt;
				TargetAttributes = {
					04E6B5DD1D34D9B3006678FB = {
						CreatedOnToolsVersion = 7.3.1;
					};
					04E6B5F61D34D9B4006678FB = {
						CreatedOnToolsVersion = 7.3.1;
						TestTargetID = 04E6B5DD1D34D9B3006678FB;
					};
					04E6B6011D34D9B4006678FB = {
						CreatedOnToolsVersion = 7.3.1;
						TestTargetID = 04E6B5DD1D34D9B3006678FB;
					};
				};
			};
			buildConfigurationList = 04E6B5D91D34D9B3006678FB /* Build configuration list for PBXProject "UISearchController" */;
			compatibilityVersion = "Xcode 3.2";
			developmentRegion = English;
			hasScannedForEncodings = 0;
			knownRegions = (
				en,
				Base,
			);
			mainGroup = 04E6B5D51D34D9B3006678FB;
			productRefGroup = 04E6B5DF1D34D9B3006678FB /* Products */;
			projectDirPath = "";
			projectRoot = "";
			targets = (
				04E6B5DD1D34D9B3006678FB /* UISearchController */,
				04E6B5F61D34D9B4006678FB /* UISearchControllerTests */,
				04E6B6011D34D9B4006678FB /* UISearchControllerUITests */,
			);
		};
/* End PBXProject section */

/* Begin PBXResourcesBuildPhase section */
		04E6B5DC1D34D9B3006678FB /* Resources */ = {
			isa = PBXResourcesBuildPhase;
			buildActionMask = 2147483647;
			files = (
				048C07D31D40F07200755B25 /* USA.png in Resources */,
				04E6B5F11D34D9B4006678FB /* LaunchScreen.storyboard in Resources */,
				048C07B51D40F07200755B25 /* Argentina.png in Resources */,
				048C07D21D40F07200755B25 /* Uruguay.png in Resources */,
				048C07C31D40F07200755B25 /* Italy.png in Resources */,
				048C07CA1D40F07200755B25 /* Portugal.png in Resources */,
				048C07C11D40F07200755B25 /* Holland.png in Resources */,
				048C07B61D40F07200755B25 /* Australia.png in Resources */,
				048C07BE1D40F07200755B25 /* Germany.png in Resources */,
				048C07C81D40F07200755B25 /* NorthKorea.png in Resources */,
				048C07BC1D40F07200755B25 /* England.png in Resources */,
				048C07BB1D40F07200755B25 /* Denmark.png in Resources */,
				048C07D11D40F07200755B25 /* Switzerland.png in Resources */,
				048C07CB1D40F07200755B25 /* Serbia.png in Resources */,
				048C07C21D40F07200755B25 /* Honduras.png in Resources */,
				048C07C71D40F07200755B25 /* Nigeria.png in Resources */,
				048C07CC1D40F07200755B25 /* Slovakia.png in Resources */,
				048C07CF1D40F07200755B25 /* SouthKorea.png in Resources */,
				048C07C51D40F07200755B25 /* Mexico.png in Resources */,
				048C07D41D40F07200755B25 /* team.plist in Resources */,
				048C07B81D40F07200755B25 /* Cameroon.png in Resources */,
				048C07C41D40F07200755B25 /* Japan.png in Resources */,
				04E6B5EE1D34D9B4006678FB /* Assets.xcassets in Resources */,
				048C07C01D40F07200755B25 /* Greece.png in Resources */,
				048C07C61D40F07200755B25 /* NewZealand.png in Resources */,
				048C07BD1D40F07200755B25 /* France.png in Resources */,
				04E6B5EC1D34D9B3006678FB /* Main.storyboard in Resources */,
				048C07D01D40F07200755B25 /* Spain.png in Resources */,
				048C07B71D40F07200755B25 /* Brazil.png in Resources */,
				048C07BF1D40F07200755B25 /* Ghana.png in Resources */,
				048C07BA1D40F07200755B25 /* CoteDIvoire.png in Resources */,
				048C07B91D40F07200755B25 /* Chile.png in Resources */,
				048C07B41D40F07200755B25 /* Algeria.png in Resources */,
				048C07CE1D40F07200755B25 /* SouthAfrica.png in Resources */,
				048C07CD1D40F07200755B25 /* Slovenia.png in Resources */,
				048C07C91D40F07200755B25 /* Paraguay.png in Resources */,
			);
			runOnlyForDeploymentPostprocessing = 0;
		};
		04E6B5F51D34D9B4006678FB /* Resources */ = {
			isa = PBXResourcesBuildPhase;
			buildActionMask = 2147483647;
			files = (
			);
			runOnlyForDeploymentPostprocessing = 0;
		};
		04E6B6001D34D9B4006678FB /* Resources */ = {
			isa = PBXResourcesBuildPhase;
			buildActionMask = 2147483647;
			files = (
			);
			runOnlyForDeploymentPostprocessing = 0;
		};
/* End PBXResourcesBuildPhase section */

/* Begin PBXSourcesBuildPhase section */
		04E6B5DA1D34D9B3006678FB /* Sources */ = {
			isa = PBXSourcesBuildPhase;
			buildActionMask = 2147483647;
			files = (
				04E6B5E91D34D9B3006678FB /* ViewController.m in Sources */,
				04E6B5E61D34D9B3006678FB /* AppDelegate.m in Sources */,
				04E6B5E31D34D9B3006678FB /* main.m in Sources */,
				048C07D71D40F0AD00755B25 /* BallTeams.m in Sources */,
				048C07DA1D40F58000755B25 /* SearchController.m in Sources */,
			);
			runOnlyForDeploymentPostprocessing = 0;
		};
		04E6B5F31D34D9B4006678FB /* Sources */ = {
			isa = PBXSourcesBuildPhase;
			buildActionMask = 2147483647;
			files = (
				04E6B5FC1D34D9B4006678FB /* UISearchControllerTests.m in Sources */,
			);
			runOnlyForDeploymentPostprocessing = 0;
		};
		04E6B5FE1D34D9B4006678FB /* Sources */ = {
			isa = PBXSourcesBuildPhase;
			buildActionMask = 2147483647;
			files = (
				04E6B6071D34D9B4006678FB /* UISearchControllerUITests.m in Sources */,
			);
			runOnlyForDeploymentPostprocessing = 0;
		};
/* End PBXSourcesBuildPhase section */

/* Begin PBXTargetDependency section */
		04E6B5F91D34D9B4006678FB /* PBXTargetDependency */ = {
			isa = PBXTargetDependency;
			target = 04E6B5DD1D34D9B3006678FB /* UISearchController */;
			targetProxy = 04E6B5F81D34D9B4006678FB /* PBXContainerItemProxy */;
		};
		04E6B6041D34D9B4006678FB /* PBXTargetDependency */ = {
			isa = PBXTargetDependency;
			target = 04E6B5DD1D34D9B3006678FB /* UISearchController */;
			targetProxy = 04E6B6031D34D9B4006678FB /* PBXContainerItemProxy */;
		};
/* End PBXTargetDependency section */

/* Begin PBXVariantGroup section */
		04E6B5EA1D34D9B3006678FB /* Main.storyboard */ = {
			isa = PBXVariantGroup;
			children = (
				04E6B5EB1D34D9B3006678FB /* Base */,
			);
			name = Main.storyboard;
			sourceTree = "<group>";
		};
		04E6B5EF1D34D9B4006678FB /* LaunchScreen.storyboard */ = {
			isa = PBXVariantGroup;
			children = (
				04E6B5F01D34D9B4006678FB /* Base */,
			);
			name = LaunchScreen.storyboard;
			sourceTree = "<group>";
		};
/* End PBXVariantGroup section */

/* Begin XCBuildConfiguration section */
		04E6B6091D34D9B4006678FB /* Debug */ = {
			isa = XCBuildConfiguration;
			buildSettings = {
				ALWAYS_SEARCH_USER_PATHS = NO;
				CLANG_ANALYZER_NONNULL = YES;
				CLANG_CXX_LANGUAGE_STANDARD = "gnu++0x";
				CLANG_CXX_LIBRARY = "libc++";
				CLANG_ENABLE_MODULES = YES;
				CLANG_ENABLE_OBJC_ARC = YES;
				CLANG_WARN_BOOL_CONVERSION = YES;
				CLANG_WARN_CONSTANT_CONVERSION = YES;
				CLANG_WARN_DIRECT_OBJC_ISA_USAGE = YES_ERROR;
				CLANG_WARN_EMPTY_BODY = YES;
				CLANG_WARN_ENUM_CONVERSION = YES;
				CLANG_WARN_INT_CONVERSION = YES;
				CLANG_WARN_OBJC_ROOT_CLASS = YES_ERROR;
				CLANG_WARN_UNREACHABLE_CODE = YES;
				CLANG_WARN__DUPLICATE_METHOD_MATCH = YES;
				"CODE_SIGN_IDENTITY[sdk=iphoneos*]" = "iPhone Developer";
				COPY_PHASE_STRIP = NO;
				DEBUG_INFORMATION_FORMAT = dwarf;
				ENABLE_STRICT_OBJC_MSGSEND = YES;
				ENABLE_TESTABILITY = YES;
				GCC_C_LANGUAGE_STANDARD = gnu99;
				GCC_DYNAMIC_NO_PIC = NO;
				GCC_NO_COMMON_BLOCKS = YES;
				GCC_OPTIMIZATION_LEVEL = 0;
				GCC_PREPROCESSOR_DEFINITIONS = (
					"DEBUG=1",
					"$(inherited)",
				);
				GCC_WARN_64_TO_32_BIT_CONVERSION = YES;
				GCC_WARN_ABOUT_RETURN_TYPE = YES_ERROR;
				GCC_WARN_UNDECLARED_SELECTOR = YES;
				GCC_WARN_UNINITIALIZED_AUTOS = YES_AGGRESSIVE;
				GCC_WARN_UNUSED_FUNCTION = YES;
				GCC_WARN_UNUSED_VARIABLE = YES;
				IPHONEOS_DEPLOYMENT_TARGET = 9.3;
				MTL_ENABLE_DEBUG_INFO = YES;
				ONLY_ACTIVE_ARCH = YES;
				SDKROOT = iphoneos;
				TARGETED_DEVICE_FAMILY = "1,2";
			};
			name = Debug;
		};
		04E6B60A1D34D9B4006678FB /* Release */ = {
			isa = XCBuildConfiguration;
			buildSettings = {
				ALWAYS_SEARCH_USER_PATHS = NO;
				CLANG_ANALYZER_NONNULL = YES;
				CLANG_CXX_LANGUAGE_STANDARD = "gnu++0x";
				CLANG_CXX_LIBRARY = "libc++";
				CLANG_ENABLE_MODULES = YES;
				CLANG_ENABLE_OBJC_ARC = YES;
				CLANG_WARN_BOOL_CONVERSION = YES;
				CLANG_WARN_CONSTANT_CONVERSION = YES;
				CLANG_WARN_DIRECT_OBJC_ISA_USAGE = YES_ERROR;
				CLANG_WARN_EMPTY_BODY = YES;
				CLANG_WARN_ENUM_CONVERSION = YES;
				CLANG_WARN_INT_CONVERSION = YES;
				CLANG_WARN_OBJC_ROOT_CLASS = YES_ERROR;
				CLANG_WARN_UNREACHABLE_CODE = YES;
				CLANG_WARN__DUPLICATE_METHOD_MATCH = YES;
				"CODE_SIGN_IDENTITY[sdk=iphoneos*]" = "iPhone Developer";
				COPY_PHASE_STRIP = NO;
				DEBUG_INFORMATION_FORMAT = "dwarf-with-dsym";
				ENABLE_NS_ASSERTIONS = NO;
				ENABLE_STRICT_OBJC_MSGSEND = YES;
				GCC_C_LANGUAGE_STANDARD = gnu99;
				GCC_NO_COMMON_BLOCKS = YES;
				GCC_WARN_64_TO_32_BIT_CONVERSION = YES;
				GCC_WARN_ABOUT_RETURN_TYPE = YES_ERROR;
				GCC_WARN_UNDECLARED_SELECTOR = YES;
				GCC_WARN_UNINITIALIZED_AUTOS = YES_AGGRESSIVE;
				GCC_WARN_UNUSED_FUNCTION = YES;
				GCC_WARN_UNUSED_VARIABLE = YES;
				IPHONEOS_DEPLOYMENT_TARGET = 9.3;
				MTL_ENABLE_DEBUG_INFO = NO;
				SDKROOT = iphoneos;
				TARGETED_DEVICE_FAMILY = "1,2";
				VALIDATE_PRODUCT = YES;
			};
			name = Release;
		};
		04E6B60C1D34D9B4006678FB /* Debug */ = {
			isa = XCBuildConfiguration;
			buildSettings = {
				ASSETCATALOG_COMPILER_APPICON_NAME = AppIcon;
				INFOPLIST_FILE = UISearchController/Info.plist;
				LD_RUNPATH_SEARCH_PATHS = "$(inherited) @executable_path/Frameworks";
				PRODUCT_BUNDLE_IDENTIFIER = com.bjsxt.UISearchController;
				PRODUCT_NAME = "$(TARGET_NAME)";
			};
			name = Debug;
		};
		04E6B60D1D34D9B4006678FB /* Release */ = {
			isa = XCBuildConfiguration;
			buildSettings = {
				ASSETCATALOG_COMPILER_APPICON_NAME = AppIcon;
				INFOPLIST_FILE = UISearchController/Info.plist;
				LD_RUNPATH_SEARCH_PATHS = "$(inherited) @executable_path/Frameworks";
				PRODUCT_BUNDLE_IDENTIFIER = com.bjsxt.UISearchController;
				PRODUCT_NAME = "$(TARGET_NAME)";
			};
			name = Release;
		};
		04E6B60F1D34D9B4006678FB /* Debug */ = {
			isa = XCBuildConfiguration;
			buildSettings = {
				BUNDLE_LOADER = "$(TEST_HOST)";
				INFOPLIST_FILE = UISearchControllerTests/Info.plist;
				LD_RUNPATH_SEARCH_PATHS = "$(inherited) @executable_path/Frameworks @loader_path/Frameworks";
				PRODUCT_BUNDLE_IDENTIFIER = com.bjsxt.UISearchControllerTests;
				PRODUCT_NAME = "$(TARGET_NAME)";
				TEST_HOST = "$(BUILT_PRODUCTS_DIR)/UISearchController.app/UISearchController";
			};
			name = Debug;
		};
		04E6B6101D34D9B4006678FB /* Release */ = {
			isa = XCBuildConfiguration;
			buildSettings = {
				BUNDLE_LOADER = "$(TEST_HOST)";
				INFOPLIST_FILE = UISearchControllerTests/Info.plist;
				LD_RUNPATH_SEARCH_PATHS = "$(inherited) @executable_path/Frameworks @loader_path/Frameworks";
				PRODUCT_BUNDLE_IDENTIFIER = com.bjsxt.UISearchControllerTests;
				PRODUCT_NAME = "$(TARGET_NAME)";
				TEST_HOST = "$(BUILT_PRODUCTS_DIR)/UISearchController.app/UISearchController";
			};
			name = Release;
		};
		04E6B6121D34D9B4006678FB /* Debug */ = {
			isa = XCBuildConfiguration;
			buildSettings = {
				INFOPLIST_FILE = UISearchControllerUITests/Info.plist;
				LD_RUNPATH_SEARCH_PATHS = "$(inherited) @executable_path/Frameworks @loader_path/Frameworks";
				PRODUCT_BUNDLE_IDENTIFIER = com.bjsxt.UISearchControllerUITests;
				PRODUCT_NAME = "$(TARGET_NAME)";
				TEST_TARGET_NAME = UISearchController;
			};
			name = Debug;
		};
		04E6B6131D34D9B4006678FB /* Release */ = {
			isa = XCBuildConfiguration;
			buildSettings = {
				INFOPLIST_FILE = UISearchControllerUITests/Info.plist;
				LD_RUNPATH_SEARCH_PATHS = "$(inherited) @executable_path/Frameworks @loader_path/Frameworks";
				PRODUCT_BUNDLE_IDENTIFIER = com.bjsxt.UISearchControllerUITests;
				PRODUCT_NAME = "$(TARGET_NAME)";
				TEST_TARGET_NAME = UISearchController;
			};
			name = Release;
		};
/* End XCBuildConfiguration section */

/* Begin XCConfigurationList section */
		04E6B5D91D34D9B3006678FB /* Build configuration list for PBXProject "UISearchController" */ = {
			isa = XCConfigurationList;
			buildConfigurations = (
				04E6B6091D34D9B4006678FB /* Debug */,
				04E6B60A1D34D9B4006678FB /* Release */,
			);
			defaultConfigurationIsVisible = 0;
			defaultConfigurationName = Release;
		};
		04E6B60B1D34D9B4006678FB /* Build configuration list for PBXNativeTarget "UISearchController" */ = {
			isa = XCConfigurationList;
			buildConfigurations = (
				04E6B60C1D34D9B4006678FB /* Debug */,
				04E6B60D1D34D9B4006678FB /* Release */,
			);
			defaultConfigurationIsVisible = 0;
			defaultConfigurationName = Release;
		};
		04E6B60E1D34D9B4006678FB /* Build configuration list for PBXNativeTarget "UISearchControllerTests" */ = {
			isa = XCConfigurationList;
			buildConfigurations = (
				04E6B60F1D34D9B4006678FB /* Debug */,
				04E6B6101D34D9B4006678FB /* Release */,
			);
			defaultConfigurationIsVisible = 0;
			defaultConfigurationName = Release;
		};
		04E6B6111D34D9B4006678FB /* Build configuration list for PBXNativeTarget "UISearchControllerUITests" */ = {
			isa = XCConfigurationList;
			buildConfigurations = (
				04E6B6121D34D9B4006678FB /* Debug */,
				04E6B6131D34D9B4006678FB /* Release */,
			);
			defaultConfigurationIsVisible = 0;
			defaultConfigurationName = Release;
		};
/* End XCConfigurationList section */
	};
	rootObject = 04E6B5D61D34D9B3006678FB /* Project object */;
}
